{
  "version": 4,
  "terraform_version": "1.2.0",
  "serial": 5,
  "lineage": "bd6d5564-e362-74fc-aa84-f1c926a78801",
  "outputs": {
    "external_ip_address_node01_yandex_cloud": {
      "value": "51.250.67.233",
      "type": "string"
    },
    "internal_ip_address_node01_yandex_cloud": {
      "value": "192.168.101.24",
      "type": "string"
    }
  },
  "resources": [
    {
      "mode": "managed",
      "type": "yandex_compute_instance",
      "name": "node01",
      "provider": "provider[\"registry.terraform.io/yandex-cloud/yandex\"]",
      "instances": [
        {
          "schema_version": 1,
          "attributes": {
            "allow_recreate": null,
            "allow_stopping_for_update": true,
            "boot_disk": [
              {
                "auto_delete": true,
                "device_name": "fhmln7phsuhpa89rdoti",
                "disk_id": "fhmln7phsuhpa89rdoti",
                "initialize_params": [
                  {
                    "block_size": 4096,
                    "description": "",
                    "image_id": "fd8pehsv5i0krequ1ncc",
                    "name": "root-node01",
                    "size": 50,
                    "snapshot_id": "",
                    "type": "network-ssd"
                  }
                ],
                "mode": "READ_WRITE"
              }
            ],
            "created_at": "2022-07-04T11:50:08Z",
            "description": "",
            "folder_id": "b1g488ps1dq37s4sps0v",
            "fqdn": "node01.netology.cloud",
            "hostname": "node01",
            "id": "fhmekpf9tplmc1cqsdab",
            "labels": null,
            "local_disk": [],
            "metadata": {
              "ssh-keys": "centos:ssh-rsa AAAAB3NzaC1yc2EAAAADAQABAAABgQDUt+LiGuWOHNDBo+Lj3aMByP2NVkFMNLbgJuIOrt8/y4wTWONY7GXNlyU4ekIAoK8UjzTqV864ox9kHe0OHObQUr1naasFJxkQ6jVVe2KhXO3lW8Y60KIfpQ9Xvp9ahg/n5O9YKyoHJwaM2h5CasY6IKojLcUMLi8A4eMHvjmUy8WDZizVCJq+EBXmPjzEohgBwG1/l1y6iJtRbosuzCbbfsLjJ7vZi72s5hcjF5fp+ryB+1eBFuka4nQXlMfvGLv21NanUwS/lhWwZzEsuHkZ61ii08ee85665Kvgo82JldG7Dur8qFYlee7UbtAQF0j4sNj6aHAE9QJAe+vyvx6FlRYAzTtEymcZS6BOMjFC8HspkXFXpBfMKxaphgDp+3c0FkdGxBjTR6h+q62UlBzIDKPrLaepR6xHggotJ7/2EIXylTxhMlrrKps15MBAshqCBRggoCult7cuvQmIkcgtcgfOsgybKj70tyiIqTwoDwwnsDgQTEewPxrwd9LmLJ8= lokli@lokli-VM\n"
            },
            "name": "node01",
            "network_acceleration_type": "standard",
            "network_interface": [
              {
                "dns_record": [],
                "index": 0,
                "ip_address": "192.168.101.24",
                "ipv4": true,
                "ipv6": false,
                "ipv6_address": "",
                "ipv6_dns_record": [],
                "mac_address": "d0:0d:ea:65:e9:ee",
                "nat": true,
                "nat_dns_record": [],
                "nat_ip_address": "51.250.67.233",
                "nat_ip_version": "IPV4",
                "security_group_ids": [],
                "subnet_id": "e9bdsdl68hu1gpfa6dnq"
              }
            ],
            "placement_policy": [
              {
                "host_affinity_rules": [],
                "placement_group_id": ""
              }
            ],
            "platform_id": "standard-v1",
            "resources": [
              {
                "core_fraction": 100,
                "cores": 8,
                "gpus": 0,
                "memory": 8
              }
            ],
            "scheduling_policy": [
              {
                "preemptible": false
              }
            ],
            "secondary_disk": [],
            "service_account_id": "",
            "status": "running",
            "timeouts": null,
            "zone": "ru-central1-a"
          },
          "sensitive_attributes": [],
          "private": "eyJlMmJmYjczMC1lY2FhLTExZTYtOGY4OC0zNDM2M2JjN2M0YzAiOnsiY3JlYXRlIjozMDAwMDAwMDAwMDAsImRlbGV0ZSI6MzAwMDAwMDAwMDAwLCJ1cGRhdGUiOjMwMDAwMDAwMDAwMH0sInNjaGVtYV92ZXJzaW9uIjoiMSJ9",
          "dependencies": [
            "yandex_vpc_network.default",
            "yandex_vpc_subnet.default"
          ]
        }
      ]
    },
    {
      "mode": "managed",
      "type": "yandex_vpc_network",
      "name": "default",
      "provider": "provider[\"registry.terraform.io/yandex-cloud/yandex\"]",
      "instances": [
        {
          "schema_version": 0,
          "attributes": {
            "created_at": "2022-07-04T11:50:05Z",
            "default_security_group_id": "",
            "description": "",
            "folder_id": "b1g488ps1dq37s4sps0v",
            "id": "enpku16q91i3ql88ov3u",
            "labels": {},
            "name": "net",
            "subnet_ids": [],
            "timeouts": null
          },
          "sensitive_attributes": [],
          "private": "eyJlMmJmYjczMC1lY2FhLTExZTYtOGY4OC0zNDM2M2JjN2M0YzAiOnsiY3JlYXRlIjo2MDAwMDAwMDAwMCwiZGVsZXRlIjo2MDAwMDAwMDAwMCwidXBkYXRlIjo2MDAwMDAwMDAwMH19"
        }
      ]
    },
    {
      "mode": "managed",
      "type": "yandex_vpc_subnet",
      "name": "default",
      "provider": "provider[\"registry.terraform.io/yandex-cloud/yandex\"]",
      "instances": [
        {
          "schema_version": 0,
          "attributes": {
            "created_at": "2022-07-04T11:50:06Z",
            "description": "",
            "dhcp_options": [],
            "folder_id": "b1g488ps1dq37s4sps0v",
            "id": "e9bdsdl68hu1gpfa6dnq",
            "labels": {},
            "name": "subnet",
            "network_id": "enpku16q91i3ql88ov3u",
            "route_table_id": "",
            "timeouts": null,
            "v4_cidr_blocks": [
              "192.168.101.0/24"
            ],
            "v6_cidr_blocks": [],
            "zone": "ru-central1-a"
          },
          "sensitive_attributes": [],
          "private": "eyJlMmJmYjczMC1lY2FhLTExZTYtOGY4OC0zNDM2M2JjN2M0YzAiOnsiY3JlYXRlIjoxODAwMDAwMDAwMDAsImRlbGV0ZSI6MTgwMDAwMDAwMDAwLCJ1cGRhdGUiOjE4MDAwMDAwMDAwMH19",
          "dependencies": [
            "yandex_vpc_network.default"
          ]
        }
      ]
    }
  ]
}
