{
  "version": 4,
  "terraform_version": "1.2.0",
  "serial": 14,
  "lineage": "fd9ad487-413b-f541-f462-16dda392c720",
  "outputs": {
    "external_ip_address_node01": {
      "value": "51.250.3.253",
      "type": "string"
    },
    "external_ip_address_node02": {
      "value": "51.250.90.251",
      "type": "string"
    },
    "external_ip_address_node03": {
      "value": "51.250.91.124",
      "type": "string"
    },
    "external_ip_address_node04": {
      "value": "51.250.13.125",
      "type": "string"
    },
    "external_ip_address_node05": {
      "value": "51.250.64.175",
      "type": "string"
    },
    "external_ip_address_node06": {
      "value": "51.250.64.245",
      "type": "string"
    },
    "internal_ip_address_node01": {
      "value": "192.168.101.11",
      "type": "string"
    },
    "internal_ip_address_node02": {
      "value": "192.168.101.12",
      "type": "string"
    },
    "internal_ip_address_node03": {
      "value": "192.168.101.13",
      "type": "string"
    },
    "internal_ip_address_node04": {
      "value": "192.168.101.14",
      "type": "string"
    },
    "internal_ip_address_node05": {
      "value": "192.168.101.15",
      "type": "string"
    },
    "internal_ip_address_node06": {
      "value": "192.168.101.16",
      "type": "string"
    }
  },
  "resources": [
    {
      "mode": "managed",
      "type": "local_file",
      "name": "inventory",
      "provider": "provider[\"registry.terraform.io/hashicorp/local\"]",
      "instances": [
        {
          "schema_version": 0,
          "attributes": {
            "content": "# Ansible inventory containing variable values from Terraform.\n# Generated by Terraform.\n\n[nodes:children]\nmanagers\nworkers\n\n[managers:children]\nactive\nstandby\n\n[active]\nnode01.netology.yc ansible_host=51.250.3.253\n\n[standby]\nnode02.netology.yc ansible_host=51.250.90.251\nnode03.netology.yc ansible_host=51.250.91.124\n\n[workers]\nnode04.netology.yc ansible_host=51.250.13.125\nnode05.netology.yc ansible_host=51.250.64.175\nnode06.netology.yc ansible_host=51.250.64.245\n",
            "content_base64": null,
            "directory_permission": "0777",
            "file_permission": "0777",
            "filename": "../ansible/inventory",
            "id": "0cf92c0e1ae11c862d4b27d6671939dee021982b",
            "sensitive_content": null,
            "source": null
          },
          "sensitive_attributes": [],
          "private": "bnVsbA==",
          "dependencies": [
            "yandex_compute_instance.node01",
            "yandex_compute_instance.node02",
            "yandex_compute_instance.node03",
            "yandex_compute_instance.node04",
            "yandex_compute_instance.node05",
            "yandex_compute_instance.node06",
            "yandex_vpc_network.default",
            "yandex_vpc_subnet.default"
          ]
        }
      ]
    },
    {
      "mode": "managed",
      "type": "null_resource",
      "name": "cluster",
      "provider": "provider[\"registry.terraform.io/hashicorp/null\"]",
      "instances": [
        {
          "schema_version": 0,
          "attributes": {
            "id": "6776478372738920157",
            "triggers": null
          },
          "sensitive_attributes": [],
          "private": "bnVsbA==",
          "dependencies": [
            "local_file.inventory",
            "null_resource.wait",
            "yandex_compute_instance.node01",
            "yandex_compute_instance.node02",
            "yandex_compute_instance.node03",
            "yandex_compute_instance.node04",
            "yandex_compute_instance.node05",
            "yandex_compute_instance.node06",
            "yandex_vpc_network.default",
            "yandex_vpc_subnet.default"
          ]
        }
      ]
    },
    {
      "mode": "managed",
      "type": "null_resource",
      "name": "monitoring",
      "provider": "provider[\"registry.terraform.io/hashicorp/null\"]",
      "instances": [
        {
          "schema_version": 0,
          "attributes": {
            "id": "2730021740123867666",
            "triggers": null
          },
          "sensitive_attributes": [],
          "private": "bnVsbA==",
          "dependencies": [
            "local_file.inventory",
            "null_resource.cluster",
            "null_resource.sync",
            "null_resource.wait",
            "yandex_compute_instance.node01",
            "yandex_compute_instance.node02",
            "yandex_compute_instance.node03",
            "yandex_compute_instance.node04",
            "yandex_compute_instance.node05",
            "yandex_compute_instance.node06",
            "yandex_vpc_network.default",
            "yandex_vpc_subnet.default"
          ]
        }
      ]
    },
    {
      "mode": "managed",
      "type": "null_resource",
      "name": "sync",
      "provider": "provider[\"registry.terraform.io/hashicorp/null\"]",
      "instances": [
        {
          "schema_version": 0,
          "attributes": {
            "id": "2142018614153906579",
            "triggers": null
          },
          "sensitive_attributes": [],
          "private": "bnVsbA==",
          "dependencies": [
            "local_file.inventory",
            "null_resource.cluster",
            "null_resource.wait",
            "yandex_compute_instance.node01",
            "yandex_compute_instance.node02",
            "yandex_compute_instance.node03",
            "yandex_compute_instance.node04",
            "yandex_compute_instance.node05",
            "yandex_compute_instance.node06",
            "yandex_vpc_network.default",
            "yandex_vpc_subnet.default"
          ]
        }
      ]
    },
    {
      "mode": "managed",
      "type": "null_resource",
      "name": "wait",
      "provider": "provider[\"registry.terraform.io/hashicorp/null\"]",
      "instances": [
        {
          "schema_version": 0,
          "attributes": {
            "id": "515535511510431291",
            "triggers": null
          },
          "sensitive_attributes": [],
          "private": "bnVsbA==",
          "dependencies": [
            "local_file.inventory",
            "yandex_compute_instance.node01",
            "yandex_compute_instance.node02",
            "yandex_compute_instance.node03",
            "yandex_compute_instance.node04",
            "yandex_compute_instance.node05",
            "yandex_compute_instance.node06",
            "yandex_vpc_network.default",
            "yandex_vpc_subnet.default"
          ]
        }
      ]
    },
    {
      "mode": "managed",
      "type": "yandex_compute_instance",
      "name": "node01",
      "provider": "provider[\"registry.terraform.io/yandex-cloud/yandex\"]",
      "instances": [
        {
          "schema_version": 1,
          "attributes": {
            "allow_recreate": null,
            "allow_stopping_for_update": true,
            "boot_disk": [
              {
                "auto_delete": true,
                "device_name": "fhmii63ouicqmn14l706",
                "disk_id": "fhmii63ouicqmn14l706",
                "initialize_params": [
                  {
                    "block_size": 4096,
                    "description": "",
                    "image_id": "fd8buseqvg8hjgqs2s8a",
                    "name": "root-node01",
                    "size": 10,
                    "snapshot_id": "",
                    "type": "network-ssd"
                  }
                ],
                "mode": "READ_WRITE"
              }
            ],
            "created_at": "2022-07-06T12:47:06Z",
            "description": "",
            "folder_id": "b1g488ps1dq37s4sps0v",
            "fqdn": "node01.netology.yc",
            "hostname": "node01",
            "id": "fhmlaiqb7ci8d615bg1s",
            "labels": null,
            "local_disk": [],
            "metadata": {
              "ssh-keys": "centos:ssh-rsa AAAAB3NzaC1yc2EAAAADAQABAAABgQDUt+LiGuWOHNDBo+Lj3aMByP2NVkFMNLbgJuIOrt8/y4wTWONY7GXNlyU4ekIAoK8UjzTqV864ox9kHe0OHObQUr1naasFJxkQ6jVVe2KhXO3lW8Y60KIfpQ9Xvp9ahg/n5O9YKyoHJwaM2h5CasY6IKojLcUMLi8A4eMHvjmUy8WDZizVCJq+EBXmPjzEohgBwG1/l1y6iJtRbosuzCbbfsLjJ7vZi72s5hcjF5fp+ryB+1eBFuka4nQXlMfvGLv21NanUwS/lhWwZzEsuHkZ61ii08ee85665Kvgo82JldG7Dur8qFYlee7UbtAQF0j4sNj6aHAE9QJAe+vyvx6FlRYAzTtEymcZS6BOMjFC8HspkXFXpBfMKxaphgDp+3c0FkdGxBjTR6h+q62UlBzIDKPrLaepR6xHggotJ7/2EIXylTxhMlrrKps15MBAshqCBRggoCult7cuvQmIkcgtcgfOsgybKj70tyiIqTwoDwwnsDgQTEewPxrwd9LmLJ8= lokli@lokli-VM\n"
            },
            "name": "node01",
            "network_acceleration_type": "standard",
            "network_interface": [
              {
                "dns_record": [],
                "index": 0,
                "ip_address": "192.168.101.11",
                "ipv4": true,
                "ipv6": false,
                "ipv6_address": "",
                "ipv6_dns_record": [],
                "mac_address": "d0:0d:15:54:b4:b3",
                "nat": true,
                "nat_dns_record": [],
                "nat_ip_address": "51.250.3.253",
                "nat_ip_version": "IPV4",
                "security_group_ids": [],
                "subnet_id": "e9b497qv9heavvouokka"
              }
            ],
            "placement_policy": [
              {
                "host_affinity_rules": [],
                "placement_group_id": ""
              }
            ],
            "platform_id": "standard-v1",
            "resources": [
              {
                "core_fraction": 100,
                "cores": 4,
                "gpus": 0,
                "memory": 8
              }
            ],
            "scheduling_policy": [
              {
                "preemptible": false
              }
            ],
            "secondary_disk": [],
            "service_account_id": "",
            "status": "running",
            "timeouts": null,
            "zone": "ru-central1-a"
          },
          "sensitive_attributes": [],
          "private": "eyJlMmJmYjczMC1lY2FhLTExZTYtOGY4OC0zNDM2M2JjN2M0YzAiOnsiY3JlYXRlIjozMDAwMDAwMDAwMDAsImRlbGV0ZSI6MzAwMDAwMDAwMDAwLCJ1cGRhdGUiOjMwMDAwMDAwMDAwMH0sInNjaGVtYV92ZXJzaW9uIjoiMSJ9",
          "dependencies": [
            "yandex_vpc_network.default",
            "yandex_vpc_subnet.default"
          ]
        }
      ]
    },
    {
      "mode": "managed",
      "type": "yandex_compute_instance",
      "name": "node02",
      "provider": "provider[\"registry.terraform.io/yandex-cloud/yandex\"]",
      "instances": [
        {
          "schema_version": 1,
          "attributes": {
            "allow_recreate": null,
            "allow_stopping_for_update": true,
            "boot_disk": [
              {
                "auto_delete": true,
                "device_name": "fhmgadklc1b3m2k68hkm",
                "disk_id": "fhmgadklc1b3m2k68hkm",
                "initialize_params": [
                  {
                    "block_size": 4096,
                    "description": "",
                    "image_id": "fd8buseqvg8hjgqs2s8a",
                    "name": "root-node02",
                    "size": 10,
                    "snapshot_id": "",
                    "type": "network-ssd"
                  }
                ],
                "mode": "READ_WRITE"
              }
            ],
            "created_at": "2022-07-06T12:47:06Z",
            "description": "",
            "folder_id": "b1g488ps1dq37s4sps0v",
            "fqdn": "node02.netology.yc",
            "hostname": "node02",
            "id": "fhmrusv00r8elkelnjdh",
            "labels": null,
            "local_disk": [],
            "metadata": {
              "ssh-keys": "centos:ssh-rsa AAAAB3NzaC1yc2EAAAADAQABAAABgQDUt+LiGuWOHNDBo+Lj3aMByP2NVkFMNLbgJuIOrt8/y4wTWONY7GXNlyU4ekIAoK8UjzTqV864ox9kHe0OHObQUr1naasFJxkQ6jVVe2KhXO3lW8Y60KIfpQ9Xvp9ahg/n5O9YKyoHJwaM2h5CasY6IKojLcUMLi8A4eMHvjmUy8WDZizVCJq+EBXmPjzEohgBwG1/l1y6iJtRbosuzCbbfsLjJ7vZi72s5hcjF5fp+ryB+1eBFuka4nQXlMfvGLv21NanUwS/lhWwZzEsuHkZ61ii08ee85665Kvgo82JldG7Dur8qFYlee7UbtAQF0j4sNj6aHAE9QJAe+vyvx6FlRYAzTtEymcZS6BOMjFC8HspkXFXpBfMKxaphgDp+3c0FkdGxBjTR6h+q62UlBzIDKPrLaepR6xHggotJ7/2EIXylTxhMlrrKps15MBAshqCBRggoCult7cuvQmIkcgtcgfOsgybKj70tyiIqTwoDwwnsDgQTEewPxrwd9LmLJ8= lokli@lokli-VM\n"
            },
            "name": "node02",
            "network_acceleration_type": "standard",
            "network_interface": [
              {
                "dns_record": [],
                "index": 0,
                "ip_address": "192.168.101.12",
                "ipv4": true,
                "ipv6": false,
                "ipv6_address": "",
                "ipv6_dns_record": [],
                "mac_address": "d0:0d:1b:f7:3e:00",
                "nat": true,
                "nat_dns_record": [],
                "nat_ip_address": "51.250.90.251",
                "nat_ip_version": "IPV4",
                "security_group_ids": [],
                "subnet_id": "e9b497qv9heavvouokka"
              }
            ],
            "placement_policy": [
              {
                "host_affinity_rules": [],
                "placement_group_id": ""
              }
            ],
            "platform_id": "standard-v1",
            "resources": [
              {
                "core_fraction": 100,
                "cores": 4,
                "gpus": 0,
                "memory": 8
              }
            ],
            "scheduling_policy": [
              {
                "preemptible": false
              }
            ],
            "secondary_disk": [],
            "service_account_id": "",
            "status": "running",
            "timeouts": null,
            "zone": "ru-central1-a"
          },
          "sensitive_attributes": [],
          "private": "eyJlMmJmYjczMC1lY2FhLTExZTYtOGY4OC0zNDM2M2JjN2M0YzAiOnsiY3JlYXRlIjozMDAwMDAwMDAwMDAsImRlbGV0ZSI6MzAwMDAwMDAwMDAwLCJ1cGRhdGUiOjMwMDAwMDAwMDAwMH0sInNjaGVtYV92ZXJzaW9uIjoiMSJ9",
          "dependencies": [
            "yandex_vpc_network.default",
            "yandex_vpc_subnet.default"
          ]
        }
      ]
    },
    {
      "mode": "managed",
      "type": "yandex_compute_instance",
      "name": "node03",
      "provider": "provider[\"registry.terraform.io/yandex-cloud/yandex\"]",
      "instances": [
        {
          "schema_version": 1,
          "attributes": {
            "allow_recreate": null,
            "allow_stopping_for_update": true,
            "boot_disk": [
              {
                "auto_delete": true,
                "device_name": "fhmpniq6aef2dej821s9",
                "disk_id": "fhmpniq6aef2dej821s9",
                "initialize_params": [
                  {
                    "block_size": 4096,
                    "description": "",
                    "image_id": "fd8buseqvg8hjgqs2s8a",
                    "name": "root-node03",
                    "size": 10,
                    "snapshot_id": "",
                    "type": "network-ssd"
                  }
                ],
                "mode": "READ_WRITE"
              }
            ],
            "created_at": "2022-07-06T12:47:06Z",
            "description": "",
            "folder_id": "b1g488ps1dq37s4sps0v",
            "fqdn": "node03.netology.yc",
            "hostname": "node03",
            "id": "fhm3o7ue9q2ni08t7rfl",
            "labels": null,
            "local_disk": [],
            "metadata": {
              "ssh-keys": "centos:ssh-rsa AAAAB3NzaC1yc2EAAAADAQABAAABgQDUt+LiGuWOHNDBo+Lj3aMByP2NVkFMNLbgJuIOrt8/y4wTWONY7GXNlyU4ekIAoK8UjzTqV864ox9kHe0OHObQUr1naasFJxkQ6jVVe2KhXO3lW8Y60KIfpQ9Xvp9ahg/n5O9YKyoHJwaM2h5CasY6IKojLcUMLi8A4eMHvjmUy8WDZizVCJq+EBXmPjzEohgBwG1/l1y6iJtRbosuzCbbfsLjJ7vZi72s5hcjF5fp+ryB+1eBFuka4nQXlMfvGLv21NanUwS/lhWwZzEsuHkZ61ii08ee85665Kvgo82JldG7Dur8qFYlee7UbtAQF0j4sNj6aHAE9QJAe+vyvx6FlRYAzTtEymcZS6BOMjFC8HspkXFXpBfMKxaphgDp+3c0FkdGxBjTR6h+q62UlBzIDKPrLaepR6xHggotJ7/2EIXylTxhMlrrKps15MBAshqCBRggoCult7cuvQmIkcgtcgfOsgybKj70tyiIqTwoDwwnsDgQTEewPxrwd9LmLJ8= lokli@lokli-VM\n"
            },
            "name": "node03",
            "network_acceleration_type": "standard",
            "network_interface": [
              {
                "dns_record": [],
                "index": 0,
                "ip_address": "192.168.101.13",
                "ipv4": true,
                "ipv6": false,
                "ipv6_address": "",
                "ipv6_dns_record": [],
                "mac_address": "d0:0d:3c:1f:ce:4e",
                "nat": true,
                "nat_dns_record": [],
                "nat_ip_address": "51.250.91.124",
                "nat_ip_version": "IPV4",
                "security_group_ids": [],
                "subnet_id": "e9b497qv9heavvouokka"
              }
            ],
            "placement_policy": [
              {
                "host_affinity_rules": [],
                "placement_group_id": ""
              }
            ],
            "platform_id": "standard-v1",
            "resources": [
              {
                "core_fraction": 100,
                "cores": 4,
                "gpus": 0,
                "memory": 8
              }
            ],
            "scheduling_policy": [
              {
                "preemptible": false
              }
            ],
            "secondary_disk": [],
            "service_account_id": "",
            "status": "running",
            "timeouts": null,
            "zone": "ru-central1-a"
          },
          "sensitive_attributes": [],
          "private": "eyJlMmJmYjczMC1lY2FhLTExZTYtOGY4OC0zNDM2M2JjN2M0YzAiOnsiY3JlYXRlIjozMDAwMDAwMDAwMDAsImRlbGV0ZSI6MzAwMDAwMDAwMDAwLCJ1cGRhdGUiOjMwMDAwMDAwMDAwMH0sInNjaGVtYV92ZXJzaW9uIjoiMSJ9",
          "dependencies": [
            "yandex_vpc_network.default",
            "yandex_vpc_subnet.default"
          ]
        }
      ]
    },
    {
      "mode": "managed",
      "type": "yandex_compute_instance",
      "name": "node04",
      "provider": "provider[\"registry.terraform.io/yandex-cloud/yandex\"]",
      "instances": [
        {
          "schema_version": 1,
          "attributes": {
            "allow_recreate": null,
            "allow_stopping_for_update": true,
            "boot_disk": [
              {
                "auto_delete": true,
                "device_name": "fhmq1hskjg0n297eqm95",
                "disk_id": "fhmq1hskjg0n297eqm95",
                "initialize_params": [
                  {
                    "block_size": 4096,
                    "description": "",
                    "image_id": "fd8buseqvg8hjgqs2s8a",
                    "name": "root-node04",
                    "size": 40,
                    "snapshot_id": "",
                    "type": "network-ssd"
                  }
                ],
                "mode": "READ_WRITE"
              }
            ],
            "created_at": "2022-07-06T12:47:06Z",
            "description": "",
            "folder_id": "b1g488ps1dq37s4sps0v",
            "fqdn": "node04.netology.yc",
            "hostname": "node04",
            "id": "fhml24dopjo7jb77s9np",
            "labels": null,
            "local_disk": [],
            "metadata": {
              "ssh-keys": "centos:ssh-rsa AAAAB3NzaC1yc2EAAAADAQABAAABgQDUt+LiGuWOHNDBo+Lj3aMByP2NVkFMNLbgJuIOrt8/y4wTWONY7GXNlyU4ekIAoK8UjzTqV864ox9kHe0OHObQUr1naasFJxkQ6jVVe2KhXO3lW8Y60KIfpQ9Xvp9ahg/n5O9YKyoHJwaM2h5CasY6IKojLcUMLi8A4eMHvjmUy8WDZizVCJq+EBXmPjzEohgBwG1/l1y6iJtRbosuzCbbfsLjJ7vZi72s5hcjF5fp+ryB+1eBFuka4nQXlMfvGLv21NanUwS/lhWwZzEsuHkZ61ii08ee85665Kvgo82JldG7Dur8qFYlee7UbtAQF0j4sNj6aHAE9QJAe+vyvx6FlRYAzTtEymcZS6BOMjFC8HspkXFXpBfMKxaphgDp+3c0FkdGxBjTR6h+q62UlBzIDKPrLaepR6xHggotJ7/2EIXylTxhMlrrKps15MBAshqCBRggoCult7cuvQmIkcgtcgfOsgybKj70tyiIqTwoDwwnsDgQTEewPxrwd9LmLJ8= lokli@lokli-VM\n"
            },
            "name": "node04",
            "network_acceleration_type": "standard",
            "network_interface": [
              {
                "dns_record": [],
                "index": 0,
                "ip_address": "192.168.101.14",
                "ipv4": true,
                "ipv6": false,
                "ipv6_address": "",
                "ipv6_dns_record": [],
                "mac_address": "d0:0d:15:11:1b:8c",
                "nat": true,
                "nat_dns_record": [],
                "nat_ip_address": "51.250.13.125",
                "nat_ip_version": "IPV4",
                "security_group_ids": [],
                "subnet_id": "e9b497qv9heavvouokka"
              }
            ],
            "placement_policy": [
              {
                "host_affinity_rules": [],
                "placement_group_id": ""
              }
            ],
            "platform_id": "standard-v1",
            "resources": [
              {
                "core_fraction": 100,
                "cores": 4,
                "gpus": 0,
                "memory": 8
              }
            ],
            "scheduling_policy": [
              {
                "preemptible": false
              }
            ],
            "secondary_disk": [],
            "service_account_id": "",
            "status": "running",
            "timeouts": null,
            "zone": "ru-central1-a"
          },
          "sensitive_attributes": [],
          "private": "eyJlMmJmYjczMC1lY2FhLTExZTYtOGY4OC0zNDM2M2JjN2M0YzAiOnsiY3JlYXRlIjozMDAwMDAwMDAwMDAsImRlbGV0ZSI6MzAwMDAwMDAwMDAwLCJ1cGRhdGUiOjMwMDAwMDAwMDAwMH0sInNjaGVtYV92ZXJzaW9uIjoiMSJ9",
          "dependencies": [
            "yandex_vpc_network.default",
            "yandex_vpc_subnet.default"
          ]
        }
      ]
    },
    {
      "mode": "managed",
      "type": "yandex_compute_instance",
      "name": "node05",
      "provider": "provider[\"registry.terraform.io/yandex-cloud/yandex\"]",
      "instances": [
        {
          "schema_version": 1,
          "attributes": {
            "allow_recreate": null,
            "allow_stopping_for_update": true,
            "boot_disk": [
              {
                "auto_delete": true,
                "device_name": "fhmuq1rbakj6ktoafj79",
                "disk_id": "fhmuq1rbakj6ktoafj79",
                "initialize_params": [
                  {
                    "block_size": 4096,
                    "description": "",
                    "image_id": "fd8buseqvg8hjgqs2s8a",
                    "name": "root-node05",
                    "size": 40,
                    "snapshot_id": "",
                    "type": "network-ssd"
                  }
                ],
                "mode": "READ_WRITE"
              }
            ],
            "created_at": "2022-07-06T12:47:06Z",
            "description": "",
            "folder_id": "b1g488ps1dq37s4sps0v",
            "fqdn": "node05.netology.yc",
            "hostname": "node05",
            "id": "fhmaip5rkalsip6op45u",
            "labels": null,
            "local_disk": [],
            "metadata": {
              "ssh-keys": "centos:ssh-rsa AAAAB3NzaC1yc2EAAAADAQABAAABgQDUt+LiGuWOHNDBo+Lj3aMByP2NVkFMNLbgJuIOrt8/y4wTWONY7GXNlyU4ekIAoK8UjzTqV864ox9kHe0OHObQUr1naasFJxkQ6jVVe2KhXO3lW8Y60KIfpQ9Xvp9ahg/n5O9YKyoHJwaM2h5CasY6IKojLcUMLi8A4eMHvjmUy8WDZizVCJq+EBXmPjzEohgBwG1/l1y6iJtRbosuzCbbfsLjJ7vZi72s5hcjF5fp+ryB+1eBFuka4nQXlMfvGLv21NanUwS/lhWwZzEsuHkZ61ii08ee85665Kvgo82JldG7Dur8qFYlee7UbtAQF0j4sNj6aHAE9QJAe+vyvx6FlRYAzTtEymcZS6BOMjFC8HspkXFXpBfMKxaphgDp+3c0FkdGxBjTR6h+q62UlBzIDKPrLaepR6xHggotJ7/2EIXylTxhMlrrKps15MBAshqCBRggoCult7cuvQmIkcgtcgfOsgybKj70tyiIqTwoDwwnsDgQTEewPxrwd9LmLJ8= lokli@lokli-VM\n"
            },
            "name": "node05",
            "network_acceleration_type": "standard",
            "network_interface": [
              {
                "dns_record": [],
                "index": 0,
                "ip_address": "192.168.101.15",
                "ipv4": true,
                "ipv6": false,
                "ipv6_address": "",
                "ipv6_dns_record": [],
                "mac_address": "d0:0d:a9:64:bb:a2",
                "nat": true,
                "nat_dns_record": [],
                "nat_ip_address": "51.250.64.175",
                "nat_ip_version": "IPV4",
                "security_group_ids": [],
                "subnet_id": "e9b497qv9heavvouokka"
              }
            ],
            "placement_policy": [
              {
                "host_affinity_rules": [],
                "placement_group_id": ""
              }
            ],
            "platform_id": "standard-v1",
            "resources": [
              {
                "core_fraction": 100,
                "cores": 4,
                "gpus": 0,
                "memory": 8
              }
            ],
            "scheduling_policy": [
              {
                "preemptible": false
              }
            ],
            "secondary_disk": [],
            "service_account_id": "",
            "status": "running",
            "timeouts": null,
            "zone": "ru-central1-a"
          },
          "sensitive_attributes": [],
          "private": "eyJlMmJmYjczMC1lY2FhLTExZTYtOGY4OC0zNDM2M2JjN2M0YzAiOnsiY3JlYXRlIjozMDAwMDAwMDAwMDAsImRlbGV0ZSI6MzAwMDAwMDAwMDAwLCJ1cGRhdGUiOjMwMDAwMDAwMDAwMH0sInNjaGVtYV92ZXJzaW9uIjoiMSJ9",
          "dependencies": [
            "yandex_vpc_network.default",
            "yandex_vpc_subnet.default"
          ]
        }
      ]
    },
    {
      "mode": "managed",
      "type": "yandex_compute_instance",
      "name": "node06",
      "provider": "provider[\"registry.terraform.io/yandex-cloud/yandex\"]",
      "instances": [
        {
          "schema_version": 1,
          "attributes": {
            "allow_recreate": null,
            "allow_stopping_for_update": true,
            "boot_disk": [
              {
                "auto_delete": true,
                "device_name": "fhmcr5c339b1scghb66i",
                "disk_id": "fhmcr5c339b1scghb66i",
                "initialize_params": [
                  {
                    "block_size": 4096,
                    "description": "",
                    "image_id": "fd8buseqvg8hjgqs2s8a",
                    "name": "root-node06",
                    "size": 40,
                    "snapshot_id": "",
                    "type": "network-ssd"
                  }
                ],
                "mode": "READ_WRITE"
              }
            ],
            "created_at": "2022-07-06T12:47:06Z",
            "description": "",
            "folder_id": "b1g488ps1dq37s4sps0v",
            "fqdn": "node06.netology.yc",
            "hostname": "node06",
            "id": "fhm0va8c2ap9btl6rr40",
            "labels": null,
            "local_disk": [],
            "metadata": {
              "ssh-keys": "centos:ssh-rsa AAAAB3NzaC1yc2EAAAADAQABAAABgQDUt+LiGuWOHNDBo+Lj3aMByP2NVkFMNLbgJuIOrt8/y4wTWONY7GXNlyU4ekIAoK8UjzTqV864ox9kHe0OHObQUr1naasFJxkQ6jVVe2KhXO3lW8Y60KIfpQ9Xvp9ahg/n5O9YKyoHJwaM2h5CasY6IKojLcUMLi8A4eMHvjmUy8WDZizVCJq+EBXmPjzEohgBwG1/l1y6iJtRbosuzCbbfsLjJ7vZi72s5hcjF5fp+ryB+1eBFuka4nQXlMfvGLv21NanUwS/lhWwZzEsuHkZ61ii08ee85665Kvgo82JldG7Dur8qFYlee7UbtAQF0j4sNj6aHAE9QJAe+vyvx6FlRYAzTtEymcZS6BOMjFC8HspkXFXpBfMKxaphgDp+3c0FkdGxBjTR6h+q62UlBzIDKPrLaepR6xHggotJ7/2EIXylTxhMlrrKps15MBAshqCBRggoCult7cuvQmIkcgtcgfOsgybKj70tyiIqTwoDwwnsDgQTEewPxrwd9LmLJ8= lokli@lokli-VM\n"
            },
            "name": "node06",
            "network_acceleration_type": "standard",
            "network_interface": [
              {
                "dns_record": [],
                "index": 0,
                "ip_address": "192.168.101.16",
                "ipv4": true,
                "ipv6": false,
                "ipv6_address": "",
                "ipv6_dns_record": [],
                "mac_address": "d0:0d:fa:90:c1:2b",
                "nat": true,
                "nat_dns_record": [],
                "nat_ip_address": "51.250.64.245",
                "nat_ip_version": "IPV4",
                "security_group_ids": [],
                "subnet_id": "e9b497qv9heavvouokka"
              }
            ],
            "placement_policy": [
              {
                "host_affinity_rules": [],
                "placement_group_id": ""
              }
            ],
            "platform_id": "standard-v1",
            "resources": [
              {
                "core_fraction": 100,
                "cores": 4,
                "gpus": 0,
                "memory": 8
              }
            ],
            "scheduling_policy": [
              {
                "preemptible": false
              }
            ],
            "secondary_disk": [],
            "service_account_id": "",
            "status": "running",
            "timeouts": null,
            "zone": "ru-central1-a"
          },
          "sensitive_attributes": [],
          "private": "eyJlMmJmYjczMC1lY2FhLTExZTYtOGY4OC0zNDM2M2JjN2M0YzAiOnsiY3JlYXRlIjozMDAwMDAwMDAwMDAsImRlbGV0ZSI6MzAwMDAwMDAwMDAwLCJ1cGRhdGUiOjMwMDAwMDAwMDAwMH0sInNjaGVtYV92ZXJzaW9uIjoiMSJ9",
          "dependencies": [
            "yandex_vpc_network.default",
            "yandex_vpc_subnet.default"
          ]
        }
      ]
    },
    {
      "mode": "managed",
      "type": "yandex_vpc_network",
      "name": "default",
      "provider": "provider[\"registry.terraform.io/yandex-cloud/yandex\"]",
      "instances": [
        {
          "schema_version": 0,
          "attributes": {
            "created_at": "2022-07-06T12:47:04Z",
            "default_security_group_id": "",
            "description": "",
            "folder_id": "b1g488ps1dq37s4sps0v",
            "id": "enp80ps0idse2in40r0q",
            "labels": {},
            "name": "net",
            "subnet_ids": [],
            "timeouts": null
          },
          "sensitive_attributes": [],
          "private": "eyJlMmJmYjczMC1lY2FhLTExZTYtOGY4OC0zNDM2M2JjN2M0YzAiOnsiY3JlYXRlIjo2MDAwMDAwMDAwMCwiZGVsZXRlIjo2MDAwMDAwMDAwMCwidXBkYXRlIjo2MDAwMDAwMDAwMH19"
        }
      ]
    },
    {
      "mode": "managed",
      "type": "yandex_vpc_subnet",
      "name": "default",
      "provider": "provider[\"registry.terraform.io/yandex-cloud/yandex\"]",
      "instances": [
        {
          "schema_version": 0,
          "attributes": {
            "created_at": "2022-07-06T12:47:04Z",
            "description": "",
            "dhcp_options": [],
            "folder_id": "b1g488ps1dq37s4sps0v",
            "id": "e9b497qv9heavvouokka",
            "labels": {},
            "name": "subnet",
            "network_id": "enp80ps0idse2in40r0q",
            "route_table_id": "",
            "timeouts": null,
            "v4_cidr_blocks": [
              "192.168.101.0/24"
            ],
            "v6_cidr_blocks": [],
            "zone": "ru-central1-a"
          },
          "sensitive_attributes": [],
          "private": "eyJlMmJmYjczMC1lY2FhLTExZTYtOGY4OC0zNDM2M2JjN2M0YzAiOnsiY3JlYXRlIjoxODAwMDAwMDAwMDAsImRlbGV0ZSI6MTgwMDAwMDAwMDAwLCJ1cGRhdGUiOjE4MDAwMDAwMDAwMH19",
          "dependencies": [
            "yandex_vpc_network.default"
          ]
        }
      ]
    }
  ]
}
